Microsoft Visual Studio Solution File, Format Version 12.00
# Visual Studio Version 17
VisualStudioVersion = 17.13.35931.197
MinimumVisualStudioVersion = 10.0.40219.1
Project("{FAE04EC0-301F-11D3-BF4B-00C04F79EFBC}") = "Warehouse", "Warehouse\Warehouse.csproj", "{7401802B-5380-40F1-B833-18EAB3BD503F}"
EndProject
Global
	GlobalSection(SolutionConfigurationPlatforms) = preSolution
		Debug|Any CPU = Debug|Any CPU
		Release|Any CPU = Release|Any CPU
	EndGlobalSection
	GlobalSection(ProjectConfigurationPlatforms) = postSolution
		{7401802B-5380-40F1-B833-18EAB3BD503F}.Debug|Any CPU.ActiveCfg = Debug|Any CPU
		{7401802B-5380-40F1-B833-18EAB3BD503F}.Debug|Any CPU.Build.0 = Debug|Any CPU
		{7401802B-5380-40F1-B833-18EAB3BD503F}.Release|Any CPU.ActiveCfg = Release|Any CPU
		{7401802B-5380-40F1-B833-18EAB3BD503F}.Release|Any CPU.Build.0 = Release|Any CPU
	EndGlobalSection
	GlobalSection(SolutionProperties) = preSolution
		HideSolutionNode = FALSE
	EndGlobalSection
	GlobalSection(ExtensibilityGlobals) = postSolution
		SolutionGuid = {7BCD211E-965D-4901-8176-02CB8D7CB561}
	EndGlobalSection
EndGlobal
